
Microsoft Visual Studio Solution File, Format Version 12.00
# Visual Studio Version 17
VisualStudioVersion = 17.9.34616.47
MinimumVisualStudioVersion = 10.0.40219.1
Project("{FAE04EC0-301F-11D3-BF4B-00C04F79EFBC}") = "TestWebLibrary", "TestWebLibrary\TestWebLibrary.csproj", "{4D4B55C6-0C1D-4776-92AB-B0497AF0107C}"
EndProject
Global
	GlobalSection(SolutionConfigurationPlatforms) = preSolution
		Debug|Any CPU = Debug|Any CPU
		Release|Any CPU = Release|Any CPU
	EndGlobalSection
	GlobalSection(ProjectConfigurationPlatforms) = postSolution
		{4D4B55C6-0C1D-4776-92AB-B0497AF0107C}.Debug|Any CPU.ActiveCfg = Debug|Any CPU
		{4D4B55C6-0C1D-4776-92AB-B0497AF0107C}.Debug|Any CPU.Build.0 = Debug|Any CPU
		{4D4B55C6-0C1D-4776-92AB-B0497AF0107C}.Release|Any CPU.ActiveCfg = Release|Any CPU
		{4D4B55C6-0C1D-4776-92AB-B0497AF0107C}.Release|Any CPU.Build.0 = Release|Any CPU
	EndGlobalSection
	GlobalSection(SolutionProperties) = preSolution
		HideSolutionNode = FALSE
	EndGlobalSection
	GlobalSection(ExtensibilityGlobals) = postSolution
		SolutionGuid = {AA144FAA-E975-4396-8EFE-C3B0663ED8CF}
	EndGlobalSection
EndGlobal
